{
  "name": "tea-chalange",
  "version": "1.0.0",
  "lockfileVersion": 3,
  "requires": true,
  "packages": {
    "": {
      "name": "tea-chalange",
      "version": "1.0.0",
      "license": "ISC",
      "dependencies": {
        "tea-chalange": "^1.0.0"
      }
    },
    "node_modules/tea-chalange": {
      "version": "1.0.0",
      "resolved": "https://registry.npmjs.org/tea-chalange/-/tea-chalange-1.0.0.tgz",
      "integrity": "sha512-s/UfWljR12Ep3iQZVeYu/i0rNz1qrhkeTy0tYtHJHhQYhzhzhZkzQWFjeNuSSaR2Qk+fvUaNhlxqn2nZGeVjBA=="
    }
  }
}
